
Microsoft Visual Studio Solution File, Format Version 12.00
Project("{FAE04EC0-301F-11D3-BF4B-00C04F79EFBC}") = "Rimworld.CactusPie.NoSlaveRomance", "Rimworld.CactusPie.NoSlaveRomance\Rimworld.CactusPie.NoSlaveRomance.csproj", "{1E3C8E76-A4A6-4091-9AA1-1B9044F87A67}"
EndProject
Global
	GlobalSection(SolutionConfigurationPlatforms) = preSolution
		Debug|Any CPU = Debug|Any CPU
		Release|Any CPU = Release|Any CPU
	EndGlobalSection
	GlobalSection(ProjectConfigurationPlatforms) = postSolution
		{1E3C8E76-A4A6-4091-9AA1-1B9044F87A67}.Debug|Any CPU.ActiveCfg = Debug|Any CPU
		{1E3C8E76-A4A6-4091-9AA1-1B9044F87A67}.Debug|Any CPU.Build.0 = Debug|Any CPU
		{1E3C8E76-A4A6-4091-9AA1-1B9044F87A67}.Release|Any CPU.ActiveCfg = Release|Any CPU
		{1E3C8E76-A4A6-4091-9AA1-1B9044F87A67}.Release|Any CPU.Build.0 = Release|Any CPU
	EndGlobalSection
EndGlobal
